
Microsoft Visual Studio Solution File, Format Version 11.00
# Visual C# Express 2010
Project("{FAE04EC0-301F-11D3-BF4B-00C04F79EFBC}") = "Bounce_Windows", "Bounce\Bounce_Windows.csproj", "{5CB4E9F7-F7D5-45D8-B9A1-8ADFE6AC7772}"
EndProject
Project("{FAE04EC0-301F-11D3-BF4B-00C04F79EFBC}") = "BounceContent", "BounceContent\BounceContent.contentproj", "{4F30CFC3-4555-414B-9701-0A17BE7ED6F2}"
EndProject
Project("{FAE04EC0-301F-11D3-BF4B-00C04F79EFBC}") = "NormalMapProcessor", "NormalMapProcessor\NormalMapProcessor.csproj", "{D3284E85-FE4A-4BFB-ADDA-4A759C5C1719}"
EndProject
Project("{FAE04EC0-301F-11D3-BF4B-00C04F79EFBC}") = "BounceModelProcessor", "BounceModelProcessor\BounceModelProcessor.csproj", "{8791B6BE-6792-4270-9812-B4C99405FAAC}"
EndProject
Project("{FAE04EC0-301F-11D3-BF4B-00C04F79EFBC}") = "BounceModel_Windows", "BounceModel_Windows\BounceModel_Windows.csproj", "{6B65E1F0-B965-49E1-923A-B285A0BFBE93}"
EndProject
Global
	GlobalSection(SolutionConfigurationPlatforms) = preSolution
		Debug|Mixed Platforms = Debug|Mixed Platforms
		Debug|x86 = Debug|x86
		Debug|Xbox 360 = Debug|Xbox 360
		Release|Mixed Platforms = Release|Mixed Platforms
		Release|x86 = Release|x86
		Release|Xbox 360 = Release|Xbox 360
	EndGlobalSection
	GlobalSection(ProjectConfigurationPlatforms) = postSolution
		{5CB4E9F7-F7D5-45D8-B9A1-8ADFE6AC7772}.Debug|Mixed Platforms.ActiveCfg = Debug|x86
		{5CB4E9F7-F7D5-45D8-B9A1-8ADFE6AC7772}.Debug|Mixed Platforms.Build.0 = Debug|x86
		{5CB4E9F7-F7D5-45D8-B9A1-8ADFE6AC7772}.Debug|x86.ActiveCfg = Debug|x86
		{5CB4E9F7-F7D5-45D8-B9A1-8ADFE6AC7772}.Debug|x86.Build.0 = Debug|x86
		{5CB4E9F7-F7D5-45D8-B9A1-8ADFE6AC7772}.Debug|Xbox 360.ActiveCfg = Debug|x86
		{5CB4E9F7-F7D5-45D8-B9A1-8ADFE6AC7772}.Debug|Xbox 360.Build.0 = Debug|x86
		{5CB4E9F7-F7D5-45D8-B9A1-8ADFE6AC7772}.Release|Mixed Platforms.ActiveCfg = Release|x86
		{5CB4E9F7-F7D5-45D8-B9A1-8ADFE6AC7772}.Release|Mixed Platforms.Build.0 = Release|x86
		{5CB4E9F7-F7D5-45D8-B9A1-8ADFE6AC7772}.Release|x86.ActiveCfg = Release|x86
		{5CB4E9F7-F7D5-45D8-B9A1-8ADFE6AC7772}.Release|x86.Build.0 = Release|x86
		{5CB4E9F7-F7D5-45D8-B9A1-8ADFE6AC7772}.Release|Xbox 360.ActiveCfg = Release|x86
		{5CB4E9F7-F7D5-45D8-B9A1-8ADFE6AC7772}.Release|Xbox 360.Build.0 = Release|x86
		{4F30CFC3-4555-414B-9701-0A17BE7ED6F2}.Debug|Mixed Platforms.ActiveCfg = Debug|x86
		{4F30CFC3-4555-414B-9701-0A17BE7ED6F2}.Debug|x86.ActiveCfg = Debug|x86
		{4F30CFC3-4555-414B-9701-0A17BE7ED6F2}.Debug|Xbox 360.ActiveCfg = Debug|x86
		{4F30CFC3-4555-414B-9701-0A17BE7ED6F2}.Release|Mixed Platforms.ActiveCfg = Release|x86
		{4F30CFC3-4555-414B-9701-0A17BE7ED6F2}.Release|x86.ActiveCfg = Release|x86
		{4F30CFC3-4555-414B-9701-0A17BE7ED6F2}.Release|Xbox 360.ActiveCfg = Release|x86
		{D3284E85-FE4A-4BFB-ADDA-4A759C5C1719}.Debug|Mixed Platforms.ActiveCfg = Debug|x86
		{D3284E85-FE4A-4BFB-ADDA-4A759C5C1719}.Debug|Mixed Platforms.Build.0 = Debug|x86
		{D3284E85-FE4A-4BFB-ADDA-4A759C5C1719}.Debug|x86.ActiveCfg = Debug|x86
		{D3284E85-FE4A-4BFB-ADDA-4A759C5C1719}.Debug|x86.Build.0 = Debug|x86
		{D3284E85-FE4A-4BFB-ADDA-4A759C5C1719}.Debug|Xbox 360.ActiveCfg = Debug|x86
		{D3284E85-FE4A-4BFB-ADDA-4A759C5C1719}.Debug|Xbox 360.Build.0 = Debug|x86
		{D3284E85-FE4A-4BFB-ADDA-4A759C5C1719}.Release|Mixed Platforms.ActiveCfg = Debug|x86
		{D3284E85-FE4A-4BFB-ADDA-4A759C5C1719}.Release|Mixed Platforms.Build.0 = Debug|x86
		{D3284E85-FE4A-4BFB-ADDA-4A759C5C1719}.Release|x86.ActiveCfg = Debug|x86
		{D3284E85-FE4A-4BFB-ADDA-4A759C5C1719}.Release|x86.Build.0 = Debug|x86
		{D3284E85-FE4A-4BFB-ADDA-4A759C5C1719}.Release|Xbox 360.ActiveCfg = Debug|x86
		{D3284E85-FE4A-4BFB-ADDA-4A759C5C1719}.Release|Xbox 360.Build.0 = Debug|x86
		{8791B6BE-6792-4270-9812-B4C99405FAAC}.Debug|Mixed Platforms.ActiveCfg = Debug|x86
		{8791B6BE-6792-4270-9812-B4C99405FAAC}.Debug|Mixed Platforms.Build.0 = Debug|x86
		{8791B6BE-6792-4270-9812-B4C99405FAAC}.Debug|x86.ActiveCfg = Debug|x86
		{8791B6BE-6792-4270-9812-B4C99405FAAC}.Debug|x86.Build.0 = Debug|x86
		{8791B6BE-6792-4270-9812-B4C99405FAAC}.Debug|Xbox 360.ActiveCfg = Debug|x86
		{8791B6BE-6792-4270-9812-B4C99405FAAC}.Debug|Xbox 360.Build.0 = Debug|x86
		{8791B6BE-6792-4270-9812-B4C99405FAAC}.Release|Mixed Platforms.ActiveCfg = Debug|x86
		{8791B6BE-6792-4270-9812-B4C99405FAAC}.Release|Mixed Platforms.Build.0 = Debug|x86
		{8791B6BE-6792-4270-9812-B4C99405FAAC}.Release|x86.ActiveCfg = Debug|x86
		{8791B6BE-6792-4270-9812-B4C99405FAAC}.Release|x86.Build.0 = Debug|x86
		{8791B6BE-6792-4270-9812-B4C99405FAAC}.Release|Xbox 360.ActiveCfg = Debug|x86
		{8791B6BE-6792-4270-9812-B4C99405FAAC}.Release|Xbox 360.Build.0 = Debug|x86
		{6B65E1F0-B965-49E1-923A-B285A0BFBE93}.Debug|Mixed Platforms.ActiveCfg = Debug|x86
		{6B65E1F0-B965-49E1-923A-B285A0BFBE93}.Debug|Mixed Platforms.Build.0 = Debug|x86
		{6B65E1F0-B965-49E1-923A-B285A0BFBE93}.Debug|x86.ActiveCfg = Debug|x86
		{6B65E1F0-B965-49E1-923A-B285A0BFBE93}.Debug|x86.Build.0 = Debug|x86
		{6B65E1F0-B965-49E1-923A-B285A0BFBE93}.Debug|Xbox 360.ActiveCfg = Debug|x86
		{6B65E1F0-B965-49E1-923A-B285A0BFBE93}.Release|Mixed Platforms.ActiveCfg = Release|x86
		{6B65E1F0-B965-49E1-923A-B285A0BFBE93}.Release|Mixed Platforms.Build.0 = Release|x86
		{6B65E1F0-B965-49E1-923A-B285A0BFBE93}.Release|x86.ActiveCfg = Release|x86
		{6B65E1F0-B965-49E1-923A-B285A0BFBE93}.Release|x86.Build.0 = Release|x86
		{6B65E1F0-B965-49E1-923A-B285A0BFBE93}.Release|Xbox 360.ActiveCfg = Release|x86
	EndGlobalSection
	GlobalSection(SolutionProperties) = preSolution
		HideSolutionNode = FALSE
	EndGlobalSection
EndGlobal
